hash: be6908770cc789e4de084672e63c8378bbc58f069ab29bc94fcd581df30c936a
updated: 2018-02-05T22:59:22.172475-07:00
imports:
- name: github.com/logrusorgru/aurora
  version: ca24023cc0175fdf372518cb1c5062cc86db2634
- name: github.com/onsi/ginkgo
  version: 9eda700730cba42af70d53180f9dcce9266bc2bc
  subpackages:
  - config
  - ginkgo
  - gomega
  - internal/codelocation
  - internal/containernode
  - internal/failer
  - internal/leafnodes
  - internal/remote
  - internal/spec
  - internal/spec_iterator
  - internal/specrunner
  - internal/suite
  - internal/testingtproxy
  - internal/writer
  - reporters
  - reporters/stenographer
  - reporters/stenographer/support/go-colorable
  - reporters/stenographer/support/go-isatty
  - types
- name: github.com/pmpbar/log
  version: 4ba3bbc22cefa8d1cdd12f7e86b789313b36725e
testImports:
- name: golang.org/x/sys
  version: 7ddbeae9ae08c6a06a59597f0c9edbc5ff2444ce
  subpackages:
  - unix
